// !$*UTF8*$!
{
	archiveVersion = 1;
	classes = {
	};
	objectVersion = 77;
	objects = {

/* Begin PBXBuildFile section */
		D8BC50552D85DA47003B070F /* ContentView.swift in Sources */ = {isa = PBXBuildFile; fileRef = D8BC50512D85DA47003B070F /* ContentView.swift */; };
		D8BC50562D85DA47003B070F /* MainApp.swift in Sources */ = {isa = PBXBuildFile; fileRef = D8BC50532D85DA47003B070F /* MainApp.swift */; };
		D8BC50572D85DA47003B070F /* Assets.xcassets in Resources */ = {isa = PBXBuildFile; fileRef = D8BC50502D85DA47003B070F /* Assets.xcassets */; };
		D8BC505C2D85DAB9003B070F /* MagicEditor-macOS.swift in Sources */ = {isa = PBXBuildFile; fileRef = D8BC505B2D85DAB9003B070F /* MagicEditor-macOS.swift */; platformFilters = (macos, ); };
		D8BC505E2D85DAD1003B070F /* MagicEditor+SwiftUI.swift in Sources */ = {isa = PBXBuildFile; fileRef = D8BC505D2D85DAD1003B070F /* MagicEditor+SwiftUI.swift */; };
		D8BC50602D85DBBF003B070F /* MagicEditor-iOS.swift in Sources */ = {isa = PBXBuildFile; fileRef = D8BC505F2D85DBBF003B070F /* MagicEditor-iOS.swift */; platformFilter = ios; };
		D8BC50622D85E66C003B070F /* README.md in Resources */ = {isa = PBXBuildFile; fileRef = D8BC50612D85E66C003B070F /* README.md */; };
		D8BC50652D862B90003B070F /* RoleFragment.swift in Sources */ = {isa = PBXBuildFile; fileRef = D8BC50642D862B90003B070F /* RoleFragment.swift */; };
		D8BC50B72D872423003B070F /* RoleAttachment.swift in Sources */ = {isa = PBXBuildFile; fileRef = D8BC50B62D872423003B070F /* RoleAttachment.swift */; };
		D8BC50B92D873C18003B070F /* Extensions.swift in Sources */ = {isa = PBXBuildFile; fileRef = D8BC50B82D873C18003B070F /* Extensions.swift */; };
		D8BC50BB2D8742CF003B070F /* MagicAttachment.swift in Sources */ = {isa = PBXBuildFile; fileRef = D8BC50BA2D8742CF003B070F /* MagicAttachment.swift */; };
		D8BC50BD2D879C82003B070F /* MagicEditorViewModel.swift in Sources */ = {isa = PBXBuildFile; fileRef = D8BC50BC2D879C82003B070F /* MagicEditorViewModel.swift */; };
/* End PBXBuildFile section */

/* Begin PBXFileReference section */
		D8BC503E2D85DA28003B070F /* MagicEditor.app */ = {isa = PBXFileReference; explicitFileType = wrapper.application; includeInIndex = 0; path = MagicEditor.app; sourceTree = BUILT_PRODUCTS_DIR; };
		D8BC50502D85DA47003B070F /* Assets.xcassets */ = {isa = PBXFileReference; lastKnownFileType = folder.assetcatalog; path = Assets.xcassets; sourceTree = "<group>"; };
		D8BC50512D85DA47003B070F /* ContentView.swift */ = {isa = PBXFileReference; lastKnownFileType = sourcecode.swift; path = ContentView.swift; sourceTree = "<group>"; };
		D8BC50522D85DA47003B070F /* MagicEditor.entitlements */ = {isa = PBXFileReference; lastKnownFileType = text.plist.entitlements; path = MagicEditor.entitlements; sourceTree = "<group>"; };
		D8BC50532D85DA47003B070F /* MainApp.swift */ = {isa = PBXFileReference; lastKnownFileType = sourcecode.swift; path = MainApp.swift; sourceTree = "<group>"; };
		D8BC505B2D85DAB9003B070F /* MagicEditor-macOS.swift */ = {isa = PBXFileReference; lastKnownFileType = sourcecode.swift; path = "MagicEditor-macOS.swift"; sourceTree = "<group>"; };
		D8BC505D2D85DAD1003B070F /* MagicEditor+SwiftUI.swift */ = {isa = PBXFileReference; lastKnownFileType = sourcecode.swift; path = "MagicEditor+SwiftUI.swift"; sourceTree = "<group>"; };
		D8BC505F2D85DBBF003B070F /* MagicEditor-iOS.swift */ = {isa = PBXFileReference; lastKnownFileType = sourcecode.swift; path = "MagicEditor-iOS.swift"; sourceTree = "<group>"; };
		D8BC50612D85E66C003B070F /* README.md */ = {isa = PBXFileReference; lastKnownFileType = net.daringfireball.markdown; path = README.md; sourceTree = "<group>"; };
		D8BC50642D862B90003B070F /* RoleFragment.swift */ = {isa = PBXFileReference; lastKnownFileType = sourcecode.swift; path = RoleFragment.swift; sourceTree = "<group>"; };
		D8BC50B62D872423003B070F /* RoleAttachment.swift */ = {isa = PBXFileReference; lastKnownFileType = sourcecode.swift; path = RoleAttachment.swift; sourceTree = "<group>"; };
		D8BC50B82D873C18003B070F /* Extensions.swift */ = {isa = PBXFileReference; lastKnownFileType = sourcecode.swift; path = Extensions.swift; sourceTree = "<group>"; };
		D8BC50BA2D8742CF003B070F /* MagicAttachment.swift */ = {isa = PBXFileReference; lastKnownFileType = sourcecode.swift; path = MagicAttachment.swift; sourceTree = "<group>"; };
		D8BC50BC2D879C82003B070F /* MagicEditorViewModel.swift */ = {isa = PBXFileReference; lastKnownFileType = sourcecode.swift; path = MagicEditorViewModel.swift; sourceTree = "<group>"; };
/* End PBXFileReference section */

/* Begin PBXFrameworksBuildPhase section */
		D8BC503B2D85DA28003B070F /* Frameworks */ = {
			isa = PBXFrameworksBuildPhase;
			buildActionMask = 2147483647;
			files = (
			);
			runOnlyForDeploymentPostprocessing = 0;
		};
/* End PBXFrameworksBuildPhase section */

/* Begin PBXGroup section */
		D8BC50352D85DA28003B070F = {
			isa = PBXGroup;
			children = (
				D8BC50542D85DA47003B070F /* MagicEditor */,
				D8BC503F2D85DA28003B070F /* Products */,
			);
			sourceTree = "<group>";
		};
		D8BC503F2D85DA28003B070F /* Products */ = {
			isa = PBXGroup;
			children = (
				D8BC503E2D85DA28003B070F /* MagicEditor.app */,
			);
			name = Products;
			sourceTree = "<group>";
		};
		D8BC50542D85DA47003B070F /* MagicEditor */ = {
			isa = PBXGroup;
			children = (
				D8BC50532D85DA47003B070F /* MainApp.swift */,
				D8BC50512D85DA47003B070F /* ContentView.swift */,
				D8BC50B82D873C18003B070F /* Extensions.swift */,
				D8BC505A2D85DAAD003B070F /* MagicEditor */,
				D8BC50582D85DA4B003B070F /* Resources */,
			);
			path = MagicEditor;
			sourceTree = "<group>";
		};
		D8BC50582D85DA4B003B070F /* Resources */ = {
			isa = PBXGroup;
			children = (
				D8BC50502D85DA47003B070F /* Assets.xcassets */,
				D8BC50522D85DA47003B070F /* MagicEditor.entitlements */,
				D8BC50612D85E66C003B070F /* README.md */,
			);
			path = Resources;
			sourceTree = "<group>";
		};
		D8BC505A2D85DAAD003B070F /* MagicEditor */ = {
			isa = PBXGroup;
			children = (
				D8BC50B52D87241C003B070F /* Attachments */,
				D8BC50632D862B74003B070F /* Fragments */,
				D8BC50BC2D879C82003B070F /* MagicEditorViewModel.swift */,
				D8BC505D2D85DAD1003B070F /* MagicEditor+SwiftUI.swift */,
				D8BC505B2D85DAB9003B070F /* MagicEditor-macOS.swift */,
				D8BC505F2D85DBBF003B070F /* MagicEditor-iOS.swift */,
			);
			path = MagicEditor;
			sourceTree = "<group>";
		};
		D8BC50632D862B74003B070F /* Fragments */ = {
			isa = PBXGroup;
			children = (
				D8BC50642D862B90003B070F /* RoleFragment.swift */,
			);
			path = Fragments;
			sourceTree = "<group>";
		};
		D8BC50B52D87241C003B070F /* Attachments */ = {
			isa = PBXGroup;
			children = (
				D8BC50BA2D8742CF003B070F /* MagicAttachment.swift */,
				D8BC50B62D872423003B070F /* RoleAttachment.swift */,
			);
			path = Attachments;
			sourceTree = "<group>";
		};
/* End PBXGroup section */

/* Begin PBXNativeTarget section */
		D8BC503D2D85DA28003B070F /* MagicEditor */ = {
			isa = PBXNativeTarget;
			buildConfigurationList = D8BC504D2D85DA29003B070F /* Build configuration list for PBXNativeTarget "MagicEditor" */;
			buildPhases = (
				D8BC503A2D85DA28003B070F /* Sources */,
				D8BC503B2D85DA28003B070F /* Frameworks */,
				D8BC503C2D85DA28003B070F /* Resources */,
			);
			buildRules = (
			);
			dependencies = (
			);
			name = MagicEditor;
			packageProductDependencies = (
			);
			productName = MagicEditor;
			productReference = D8BC503E2D85DA28003B070F /* MagicEditor.app */;
			productType = "com.apple.product-type.application";
		};
/* End PBXNativeTarget section */

/* Begin PBXProject section */
		D8BC50362D85DA28003B070F /* Project object */ = {
			isa = PBXProject;
			attributes = {
				BuildIndependentTargetsInParallel = 1;
				LastSwiftUpdateCheck = 1620;
				LastUpgradeCheck = 1620;
				TargetAttributes = {
					D8BC503D2D85DA28003B070F = {
						CreatedOnToolsVersion = 16.2;
					};
				};
			};
			buildConfigurationList = D8BC50392D85DA28003B070F /* Build configuration list for PBXProject "MagicEditor" */;
			developmentRegion = en;
			hasScannedForEncodings = 0;
			knownRegions = (
				en,
				Base,
			);
			mainGroup = D8BC50352D85DA28003B070F;
			minimizedProjectReferenceProxies = 1;
			preferredProjectObjectVersion = 77;
			productRefGroup = D8BC503F2D85DA28003B070F /* Products */;
			projectDirPath = "";
			projectRoot = "";
			targets = (
				D8BC503D2D85DA28003B070F /* MagicEditor */,
			);
		};
/* End PBXProject section */

/* Begin PBXResourcesBuildPhase section */
		D8BC503C2D85DA28003B070F /* Resources */ = {
			isa = PBXResourcesBuildPhase;
			buildActionMask = 2147483647;
			files = (
				D8BC50622D85E66C003B070F /* README.md in Resources */,
				D8BC50572D85DA47003B070F /* Assets.xcassets in Resources */,
			);
			runOnlyForDeploymentPostprocessing = 0;
		};
/* End PBXResourcesBuildPhase section */

/* Begin PBXSourcesBuildPhase section */
		D8BC503A2D85DA28003B070F /* Sources */ = {
			isa = PBXSourcesBuildPhase;
			buildActionMask = 2147483647;
			files = (
				D8BC50602D85DBBF003B070F /* MagicEditor-iOS.swift in Sources */,
				D8BC505C2D85DAB9003B070F /* MagicEditor-macOS.swift in Sources */,
				D8BC50552D85DA47003B070F /* ContentView.swift in Sources */,
				D8BC50BD2D879C82003B070F /* MagicEditorViewModel.swift in Sources */,
				D8BC50BB2D8742CF003B070F /* MagicAttachment.swift in Sources */,
				D8BC50B92D873C18003B070F /* Extensions.swift in Sources */,
				D8BC50652D862B90003B070F /* RoleFragment.swift in Sources */,
				D8BC505E2D85DAD1003B070F /* MagicEditor+SwiftUI.swift in Sources */,
				D8BC50562D85DA47003B070F /* MainApp.swift in Sources */,
				D8BC50B72D872423003B070F /* RoleAttachment.swift in Sources */,
			);
			runOnlyForDeploymentPostprocessing = 0;
		};
/* End PBXSourcesBuildPhase section */

/* Begin XCBuildConfiguration section */
		D8BC504B2D85DA29003B070F /* Debug */ = {
			isa = XCBuildConfiguration;
			buildSettings = {
				ALWAYS_SEARCH_USER_PATHS = NO;
				ASSETCATALOG_COMPILER_GENERATE_SWIFT_ASSET_SYMBOL_EXTENSIONS = YES;
				CLANG_ANALYZER_NONNULL = YES;
				CLANG_ANALYZER_NUMBER_OBJECT_CONVERSION = YES_AGGRESSIVE;
				CLANG_CXX_LANGUAGE_STANDARD = "gnu++20";
				CLANG_ENABLE_MODULES = YES;
				CLANG_ENABLE_OBJC_ARC = YES;
				CLANG_ENABLE_OBJC_WEAK = YES;
				CLANG_WARN_BLOCK_CAPTURE_AUTORELEASING = YES;
				CLANG_WARN_BOOL_CONVERSION = YES;
				CLANG_WARN_COMMA = YES;
				CLANG_WARN_CONSTANT_CONVERSION = YES;
				CLANG_WARN_DEPRECATED_OBJC_IMPLEMENTATIONS = YES;
				CLANG_WARN_DIRECT_OBJC_ISA_USAGE = YES_ERROR;
				CLANG_WARN_DOCUMENTATION_COMMENTS = YES;
				CLANG_WARN_EMPTY_BODY = YES;
				CLANG_WARN_ENUM_CONVERSION = YES;
				CLANG_WARN_INFINITE_RECURSION = YES;
				CLANG_WARN_INT_CONVERSION = YES;
				CLANG_WARN_NON_LITERAL_NULL_CONVERSION = YES;
				CLANG_WARN_OBJC_IMPLICIT_RETAIN_SELF = YES;
				CLANG_WARN_OBJC_LITERAL_CONVERSION = YES;
				CLANG_WARN_OBJC_ROOT_CLASS = YES_ERROR;
				CLANG_WARN_QUOTED_INCLUDE_IN_FRAMEWORK_HEADER = YES;
				CLANG_WARN_RANGE_LOOP_ANALYSIS = YES;
				CLANG_WARN_STRICT_PROTOTYPES = YES;
				CLANG_WARN_SUSPICIOUS_MOVE = YES;
				CLANG_WARN_UNGUARDED_AVAILABILITY = YES_AGGRESSIVE;
				CLANG_WARN_UNREACHABLE_CODE = YES;
				CLANG_WARN__DUPLICATE_METHOD_MATCH = YES;
				COPY_PHASE_STRIP = NO;
				DEBUG_INFORMATION_FORMAT = dwarf;
				ENABLE_STRICT_OBJC_MSGSEND = YES;
				ENABLE_TESTABILITY = YES;
				ENABLE_USER_SCRIPT_SANDBOXING = YES;
				GCC_C_LANGUAGE_STANDARD = gnu17;
				GCC_DYNAMIC_NO_PIC = NO;
				GCC_NO_COMMON_BLOCKS = YES;
				GCC_OPTIMIZATION_LEVEL = 0;
				GCC_PREPROCESSOR_DEFINITIONS = (
					"DEBUG=1",
					"$(inherited)",
				);
				GCC_WARN_64_TO_32_BIT_CONVERSION = YES;
				GCC_WARN_ABOUT_RETURN_TYPE = YES_ERROR;
				GCC_WARN_UNDECLARED_SELECTOR = YES;
				GCC_WARN_UNINITIALIZED_AUTOS = YES_AGGRESSIVE;
				GCC_WARN_UNUSED_FUNCTION = YES;
				GCC_WARN_UNUSED_VARIABLE = YES;
				LOCALIZATION_PREFERS_STRING_CATALOGS = YES;
				MTL_ENABLE_DEBUG_INFO = INCLUDE_SOURCE;
				MTL_FAST_MATH = YES;
				ONLY_ACTIVE_ARCH = YES;
				SWIFT_ACTIVE_COMPILATION_CONDITIONS = "DEBUG $(inherited)";
				SWIFT_OPTIMIZATION_LEVEL = "-Onone";
			};
			name = Debug;
		};
		D8BC504C2D85DA29003B070F /* Release */ = {
			isa = XCBuildConfiguration;
			buildSettings = {
				ALWAYS_SEARCH_USER_PATHS = NO;
				ASSETCATALOG_COMPILER_GENERATE_SWIFT_ASSET_SYMBOL_EXTENSIONS = YES;
				CLANG_ANALYZER_NONNULL = YES;
				CLANG_ANALYZER_NUMBER_OBJECT_CONVERSION = YES_AGGRESSIVE;
				CLANG_CXX_LANGUAGE_STANDARD = "gnu++20";
				CLANG_ENABLE_MODULES = YES;
				CLANG_ENABLE_OBJC_ARC = YES;
				CLANG_ENABLE_OBJC_WEAK = YES;
				CLANG_WARN_BLOCK_CAPTURE_AUTORELEASING = YES;
				CLANG_WARN_BOOL_CONVERSION = YES;
				CLANG_WARN_COMMA = YES;
				CLANG_WARN_CONSTANT_CONVERSION = YES;
				CLANG_WARN_DEPRECATED_OBJC_IMPLEMENTATIONS = YES;
				CLANG_WARN_DIRECT_OBJC_ISA_USAGE = YES_ERROR;
				CLANG_WARN_DOCUMENTATION_COMMENTS = YES;
				CLANG_WARN_EMPTY_BODY = YES;
				CLANG_WARN_ENUM_CONVERSION = YES;
				CLANG_WARN_INFINITE_RECURSION = YES;
				CLANG_WARN_INT_CONVERSION = YES;
				CLANG_WARN_NON_LITERAL_NULL_CONVERSION = YES;
				CLANG_WARN_OBJC_IMPLICIT_RETAIN_SELF = YES;
				CLANG_WARN_OBJC_LITERAL_CONVERSION = YES;
				CLANG_WARN_OBJC_ROOT_CLASS = YES_ERROR;
				CLANG_WARN_QUOTED_INCLUDE_IN_FRAMEWORK_HEADER = YES;
				CLANG_WARN_RANGE_LOOP_ANALYSIS = YES;
				CLANG_WARN_STRICT_PROTOTYPES = YES;
				CLANG_WARN_SUSPICIOUS_MOVE = YES;
				CLANG_WARN_UNGUARDED_AVAILABILITY = YES_AGGRESSIVE;
				CLANG_WARN_UNREACHABLE_CODE = YES;
				CLANG_WARN__DUPLICATE_METHOD_MATCH = YES;
				COPY_PHASE_STRIP = NO;
				DEBUG_INFORMATION_FORMAT = "dwarf-with-dsym";
				ENABLE_NS_ASSERTIONS = NO;
				ENABLE_STRICT_OBJC_MSGSEND = YES;
				ENABLE_USER_SCRIPT_SANDBOXING = YES;
				GCC_C_LANGUAGE_STANDARD = gnu17;
				GCC_NO_COMMON_BLOCKS = YES;
				GCC_WARN_64_TO_32_BIT_CONVERSION = YES;
				GCC_WARN_ABOUT_RETURN_TYPE = YES_ERROR;
				GCC_WARN_UNDECLARED_SELECTOR = YES;
				GCC_WARN_UNINITIALIZED_AUTOS = YES_AGGRESSIVE;
				GCC_WARN_UNUSED_FUNCTION = YES;
				GCC_WARN_UNUSED_VARIABLE = YES;
				LOCALIZATION_PREFERS_STRING_CATALOGS = YES;
				MTL_ENABLE_DEBUG_INFO = NO;
				MTL_FAST_MATH = YES;
				SWIFT_COMPILATION_MODE = wholemodule;
			};
			name = Release;
		};
		D8BC504E2D85DA29003B070F /* Debug */ = {
			isa = XCBuildConfiguration;
			buildSettings = {
				ASSETCATALOG_COMPILER_APPICON_NAME = AppIcon;
				ASSETCATALOG_COMPILER_GLOBAL_ACCENT_COLOR_NAME = AccentColor;
				CODE_SIGN_ENTITLEMENTS = MagicEditor/Resources/MagicEditor.entitlements;
				CODE_SIGN_STYLE = Automatic;
				CURRENT_PROJECT_VERSION = 1;
				DEVELOPMENT_TEAM = "";
				ENABLE_HARDENED_RUNTIME = YES;
				ENABLE_PREVIEWS = YES;
				GENERATE_INFOPLIST_FILE = YES;
				"INFOPLIST_KEY_UIApplicationSceneManifest_Generation[sdk=iphoneos*]" = YES;
				"INFOPLIST_KEY_UIApplicationSceneManifest_Generation[sdk=iphonesimulator*]" = YES;
				"INFOPLIST_KEY_UIApplicationSupportsIndirectInputEvents[sdk=iphoneos*]" = YES;
				"INFOPLIST_KEY_UIApplicationSupportsIndirectInputEvents[sdk=iphonesimulator*]" = YES;
				"INFOPLIST_KEY_UILaunchScreen_Generation[sdk=iphoneos*]" = YES;
				"INFOPLIST_KEY_UILaunchScreen_Generation[sdk=iphonesimulator*]" = YES;
				"INFOPLIST_KEY_UIStatusBarStyle[sdk=iphoneos*]" = UIStatusBarStyleDefault;
				"INFOPLIST_KEY_UIStatusBarStyle[sdk=iphonesimulator*]" = UIStatusBarStyleDefault;
				INFOPLIST_KEY_UISupportedInterfaceOrientations_iPad = "UIInterfaceOrientationPortrait UIInterfaceOrientationPortraitUpsideDown UIInterfaceOrientationLandscapeLeft UIInterfaceOrientationLandscapeRight";
				INFOPLIST_KEY_UISupportedInterfaceOrientations_iPhone = "UIInterfaceOrientationPortrait UIInterfaceOrientationLandscapeLeft UIInterfaceOrientationLandscapeRight";
				IPHONEOS_DEPLOYMENT_TARGET = 18.2;
				LD_RUNPATH_SEARCH_PATHS = "@executable_path/Frameworks";
				"LD_RUNPATH_SEARCH_PATHS[sdk=macosx*]" = "@executable_path/../Frameworks";
				MACOSX_DEPLOYMENT_TARGET = 15.2;
				MARKETING_VERSION = 1.0;
				PRODUCT_BUNDLE_IDENTIFIER = run.nathan.MagicEditor;
				PRODUCT_NAME = "$(TARGET_NAME)";
				SDKROOT = auto;
				SUPPORTED_PLATFORMS = "iphoneos iphonesimulator macosx";
				SUPPORTS_MACCATALYST = NO;
				SWIFT_EMIT_LOC_STRINGS = YES;
				SWIFT_VERSION = 5.0;
				TARGETED_DEVICE_FAMILY = "1,2";
				XROS_DEPLOYMENT_TARGET = 2.2;
			};
			name = Debug;
		};
		D8BC504F2D85DA29003B070F /* Release */ = {
			isa = XCBuildConfiguration;
			buildSettings = {
				ASSETCATALOG_COMPILER_APPICON_NAME = AppIcon;
				ASSETCATALOG_COMPILER_GLOBAL_ACCENT_COLOR_NAME = AccentColor;
				CODE_SIGN_ENTITLEMENTS = MagicEditor/Resources/MagicEditor.entitlements;
				CODE_SIGN_STYLE = Automatic;
				CURRENT_PROJECT_VERSION = 1;
				DEVELOPMENT_TEAM = "";
				ENABLE_HARDENED_RUNTIME = YES;
				ENABLE_PREVIEWS = YES;
				GENERATE_INFOPLIST_FILE = YES;
				"INFOPLIST_KEY_UIApplicationSceneManifest_Generation[sdk=iphoneos*]" = YES;
				"INFOPLIST_KEY_UIApplicationSceneManifest_Generation[sdk=iphonesimulator*]" = YES;
				"INFOPLIST_KEY_UIApplicationSupportsIndirectInputEvents[sdk=iphoneos*]" = YES;
				"INFOPLIST_KEY_UIApplicationSupportsIndirectInputEvents[sdk=iphonesimulator*]" = YES;
				"INFOPLIST_KEY_UILaunchScreen_Generation[sdk=iphoneos*]" = YES;
				"INFOPLIST_KEY_UILaunchScreen_Generation[sdk=iphonesimulator*]" = YES;
				"INFOPLIST_KEY_UIStatusBarStyle[sdk=iphoneos*]" = UIStatusBarStyleDefault;
				"INFOPLIST_KEY_UIStatusBarStyle[sdk=iphonesimulator*]" = UIStatusBarStyleDefault;
				INFOPLIST_KEY_UISupportedInterfaceOrientations_iPad = "UIInterfaceOrientationPortrait UIInterfaceOrientationPortraitUpsideDown UIInterfaceOrientationLandscapeLeft UIInterfaceOrientationLandscapeRight";
				INFOPLIST_KEY_UISupportedInterfaceOrientations_iPhone = "UIInterfaceOrientationPortrait UIInterfaceOrientationLandscapeLeft UIInterfaceOrientationLandscapeRight";
				IPHONEOS_DEPLOYMENT_TARGET = 18.2;
				LD_RUNPATH_SEARCH_PATHS = "@executable_path/Frameworks";
				"LD_RUNPATH_SEARCH_PATHS[sdk=macosx*]" = "@executable_path/../Frameworks";
				MACOSX_DEPLOYMENT_TARGET = 15.2;
				MARKETING_VERSION = 1.0;
				PRODUCT_BUNDLE_IDENTIFIER = run.nathan.MagicEditor;
				PRODUCT_NAME = "$(TARGET_NAME)";
				SDKROOT = auto;
				SUPPORTED_PLATFORMS = "iphoneos iphonesimulator macosx";
				SUPPORTS_MACCATALYST = NO;
				SWIFT_EMIT_LOC_STRINGS = YES;
				SWIFT_VERSION = 5.0;
				TARGETED_DEVICE_FAMILY = "1,2";
				XROS_DEPLOYMENT_TARGET = 2.2;
			};
			name = Release;
		};
/* End XCBuildConfiguration section */

/* Begin XCConfigurationList section */
		D8BC50392D85DA28003B070F /* Build configuration list for PBXProject "MagicEditor" */ = {
			isa = XCConfigurationList;
			buildConfigurations = (
				D8BC504B2D85DA29003B070F /* Debug */,
				D8BC504C2D85DA29003B070F /* Release */,
			);
			defaultConfigurationIsVisible = 0;
			defaultConfigurationName = Release;
		};
		D8BC504D2D85DA29003B070F /* Build configuration list for PBXNativeTarget "MagicEditor" */ = {
			isa = XCConfigurationList;
			buildConfigurations = (
				D8BC504E2D85DA29003B070F /* Debug */,
				D8BC504F2D85DA29003B070F /* Release */,
			);
			defaultConfigurationIsVisible = 0;
			defaultConfigurationName = Release;
		};
/* End XCConfigurationList section */
	};
	rootObject = D8BC50362D85DA28003B070F /* Project object */;
}
